
Microsoft Visual Studio Solution File, Format Version 12.00
# Visual Studio Version 17
VisualStudioVersion = 17.14.36301.6
MinimumVisualStudioVersion = 10.0.40219.1
Project("{FAE04EC0-301F-11D3-BF4B-00C04F79EFBC}") = "File", "File.csproj", "{78A57397-D7A6-4337-8577-D7277A8FA3F7}"
EndProject
Project("{FAE04EC0-301F-11D3-BF4B-00C04F79EFBC}") = "FileInfo", "..\FileInfor\FileInfo.csproj", "{40F48F41-6885-41D6-96B5-D28013B48AFD}"
EndProject
Project("{FAE04EC0-301F-11D3-BF4B-00C04F79EFBC}") = "Directory e DirectoryInfo", "..\Directory e DirectoryInfo\Directory e DirectoryInfo.csproj", "{8CC3AA28-F0B2-4F7C-9BEF-1E44F3B24B80}"
EndProject
Project("{FAE04EC0-301F-11D3-BF4B-00C04F79EFBC}") = "Directory_2", "..\Directory_2\Directory_2.csproj", "{BF69C190-87E4-4994-965C-FB78CC86275B}"
EndProject
Global
	GlobalSection(SolutionConfigurationPlatforms) = preSolution
		Debug|Any CPU = Debug|Any CPU
		Release|Any CPU = Release|Any CPU
	EndGlobalSection
	GlobalSection(ProjectConfigurationPlatforms) = postSolution
		{78A57397-D7A6-4337-8577-D7277A8FA3F7}.Debug|Any CPU.ActiveCfg = Debug|Any CPU
		{78A57397-D7A6-4337-8577-D7277A8FA3F7}.Debug|Any CPU.Build.0 = Debug|Any CPU
		{78A57397-D7A6-4337-8577-D7277A8FA3F7}.Release|Any CPU.ActiveCfg = Release|Any CPU
		{78A57397-D7A6-4337-8577-D7277A8FA3F7}.Release|Any CPU.Build.0 = Release|Any CPU
		{40F48F41-6885-41D6-96B5-D28013B48AFD}.Debug|Any CPU.ActiveCfg = Debug|Any CPU
		{40F48F41-6885-41D6-96B5-D28013B48AFD}.Debug|Any CPU.Build.0 = Debug|Any CPU
		{40F48F41-6885-41D6-96B5-D28013B48AFD}.Release|Any CPU.ActiveCfg = Release|Any CPU
		{40F48F41-6885-41D6-96B5-D28013B48AFD}.Release|Any CPU.Build.0 = Release|Any CPU
		{8CC3AA28-F0B2-4F7C-9BEF-1E44F3B24B80}.Debug|Any CPU.ActiveCfg = Debug|Any CPU
		{8CC3AA28-F0B2-4F7C-9BEF-1E44F3B24B80}.Debug|Any CPU.Build.0 = Debug|Any CPU
		{8CC3AA28-F0B2-4F7C-9BEF-1E44F3B24B80}.Release|Any CPU.ActiveCfg = Release|Any CPU
		{8CC3AA28-F0B2-4F7C-9BEF-1E44F3B24B80}.Release|Any CPU.Build.0 = Release|Any CPU
		{BF69C190-87E4-4994-965C-FB78CC86275B}.Debug|Any CPU.ActiveCfg = Debug|Any CPU
		{BF69C190-87E4-4994-965C-FB78CC86275B}.Debug|Any CPU.Build.0 = Debug|Any CPU
		{BF69C190-87E4-4994-965C-FB78CC86275B}.Release|Any CPU.ActiveCfg = Release|Any CPU
		{BF69C190-87E4-4994-965C-FB78CC86275B}.Release|Any CPU.Build.0 = Release|Any CPU
	EndGlobalSection
	GlobalSection(SolutionProperties) = preSolution
		HideSolutionNode = FALSE
	EndGlobalSection
	GlobalSection(ExtensibilityGlobals) = postSolution
		SolutionGuid = {981C0363-84F7-47DE-9B99-63793E589C68}
	EndGlobalSection
EndGlobal
