
Microsoft Visual Studio Solution File, Format Version 12.00
# Visual Studio Version 17
VisualStudioVersion = 17.14.36301.6
MinimumVisualStudioVersion = 10.0.40219.1
Project("{FAE04EC0-301F-11D3-BF4B-00C04F79EFBC}") = "File", "File.csproj", "{78A57397-D7A6-4337-8577-D7277A8FA3F7}"
EndProject
Project("{FAE04EC0-301F-11D3-BF4B-00C04F79EFBC}") = "FileInfo", "..\FileInfor\FileInfo.csproj", "{40F48F41-6885-41D6-96B5-D28013B48AFD}"
EndProject
Project("{FAE04EC0-301F-11D3-BF4B-00C04F79EFBC}") = "Directory e DirectoryInfo", "..\Directory e DirectoryInfo\Directory e DirectoryInfo.csproj", "{8CC3AA28-F0B2-4F7C-9BEF-1E44F3B24B80}"
EndProject
Project("{FAE04EC0-301F-11D3-BF4B-00C04F79EFBC}") = "Directory_2", "..\Directory_2\Directory_2.csproj", "{BF69C190-87E4-4994-965C-FB78CC86275B}"
EndProject
Project("{FAE04EC0-301F-11D3-BF4B-00C04F79EFBC}") = "Path", "..\Path\Path.csproj", "{266DF0E3-5BB6-4607-8651-58AC3CAADAE3}"
EndProject
Project("{FAE04EC0-301F-11D3-BF4B-00C04F79EFBC}") = "FileStream, StreamReader e StreamWriter", "..\FileStream, StreamReader e StreamWriter\FileStream, StreamReader e StreamWriter.csproj", "{4EF4F09D-FDD5-4BCC-9DC0-BF8D997476B2}"
EndProject
Project("{FAE04EC0-301F-11D3-BF4B-00C04F79EFBC}") = "Bloco Using", "..\Bloco Using\Bloco Using.csproj", "{1DDBCC1D-5C44-4F63-9AD3-443EAB4BD305}"
EndProject
Project("{FAE04EC0-301F-11D3-BF4B-00C04F79EFBC}") = "StreamExercicio", "..\StreamExercicio\StreamExercicio.csproj", "{94896E79-9CAF-4619-B4B8-3C1C40B23F7F}"
EndProject
Project("{FAE04EC0-301F-11D3-BF4B-00C04F79EFBC}") = "01_Exercicios", "..\Exercicios\01_Exercicios.csproj", "{FEEBD5E9-DB4C-4324-95E8-6A26D8A19638}"
EndProject
Project("{2150E333-8FDC-42A3-9474-1A3956D46DE8}") = "Exercicios", "Exercicios", "{02EA681E-C7D8-13C7-8484-4AC65E1B71E8}"
EndProject
Project("{FAE04EC0-301F-11D3-BF4B-00C04F79EFBC}") = "02_Exercicio", "..\02_Exercicio\02_Exercicio.csproj", "{CF7C7CA4-8BB7-4CFA-A8DE-5EACC21AC79C}"
EndProject
Project("{FAE04EC0-301F-11D3-BF4B-00C04F79EFBC}") = "03_Exercicio", "..\03_Exercicio\03_Exercicio.csproj", "{1585B6F7-9E38-4615-8277-93F13042934F}"
EndProject
Project("{FAE04EC0-301F-11D3-BF4B-00C04F79EFBC}") = "04_Exercicio", "..\04_Exercicio\04_Exercicio.csproj", "{1F1EED55-9372-4734-9063-806FA635D7F7}"
EndProject
Project("{FAE04EC0-301F-11D3-BF4B-00C04F79EFBC}") = "05_Exercicio", "..\05_Exercicio\05_Exercicio.csproj", "{CF1A0FE4-0492-4D09-98D8-805A8C07D980}"
EndProject
Project("{FAE04EC0-301F-11D3-BF4B-00C04F79EFBC}") = "06_Exercicio", "..\06_Exercicio\06_Exercicio.csproj", "{27A3CFEC-6CE7-4BB0-B518-4543348D426F}"
EndProject
Project("{FAE04EC0-301F-11D3-BF4B-00C04F79EFBC}") = "07_Exercicio", "..\07_Exercicio\07_Exercicio.csproj", "{C2F0B5AD-52E3-476B-ABE6-309EB7B46FF4}"
EndProject
Project("{FAE04EC0-301F-11D3-BF4B-00C04F79EFBC}") = "08_Exercicio", "..\08_Exercicio\08_Exercicio.csproj", "{60935323-DBA6-4428-8869-794CF6F1F91D}"
EndProject
Project("{FAE04EC0-301F-11D3-BF4B-00C04F79EFBC}") = "09_Exercicio", "..\09_Exercicio\09_Exercicio.csproj", "{5AA07849-A8B8-49D7-A7B1-B921E801F53C}"
EndProject
Project("{FAE04EC0-301F-11D3-BF4B-00C04F79EFBC}") = "10_Exercicio", "..\10_Exercicio\10_Exercicio.csproj", "{7CC89397-6224-473C-B7D6-E596CA6848A2}"
EndProject
Project("{FAE04EC0-301F-11D3-BF4B-00C04F79EFBC}") = "11_Exercicio", "..\11_Exercicio\11_Exercicio.csproj", "{303B094E-BE3A-4A7E-924D-5C8276F51032}"
EndProject
Project("{FAE04EC0-301F-11D3-BF4B-00C04F79EFBC}") = "12_Exercicio", "..\12_Exercicio\12_Exercicio.csproj", "{FC57E875-868C-482C-A890-B628FA48582C}"
EndProject
Project("{FAE04EC0-301F-11D3-BF4B-00C04F79EFBC}") = "13_Exercicio", "..\13_Exercicio\13_Exercicio.csproj", "{BF0F79A7-736F-48D6-97F4-7D89A7D827A0}"
EndProject
Project("{FAE04EC0-301F-11D3-BF4B-00C04F79EFBC}") = "14_Exercicio", "..\14_Exercicio\14_Exercicio.csproj", "{51A5D531-8D87-4880-9378-C1D7DCAAF9A1}"
EndProject
Project("{FAE04EC0-301F-11D3-BF4B-00C04F79EFBC}") = "15_Exercicio", "..\15_Exercicio\15_Exercicio.csproj", "{CDC40266-8871-4026-98A8-8965171B2EF1}"
EndProject
Global
	GlobalSection(SolutionConfigurationPlatforms) = preSolution
		Debug|Any CPU = Debug|Any CPU
		Release|Any CPU = Release|Any CPU
	EndGlobalSection
	GlobalSection(ProjectConfigurationPlatforms) = postSolution
		{78A57397-D7A6-4337-8577-D7277A8FA3F7}.Debug|Any CPU.ActiveCfg = Debug|Any CPU
		{78A57397-D7A6-4337-8577-D7277A8FA3F7}.Debug|Any CPU.Build.0 = Debug|Any CPU
		{78A57397-D7A6-4337-8577-D7277A8FA3F7}.Release|Any CPU.ActiveCfg = Release|Any CPU
		{78A57397-D7A6-4337-8577-D7277A8FA3F7}.Release|Any CPU.Build.0 = Release|Any CPU
		{40F48F41-6885-41D6-96B5-D28013B48AFD}.Debug|Any CPU.ActiveCfg = Debug|Any CPU
		{40F48F41-6885-41D6-96B5-D28013B48AFD}.Debug|Any CPU.Build.0 = Debug|Any CPU
		{40F48F41-6885-41D6-96B5-D28013B48AFD}.Release|Any CPU.ActiveCfg = Release|Any CPU
		{40F48F41-6885-41D6-96B5-D28013B48AFD}.Release|Any CPU.Build.0 = Release|Any CPU
		{8CC3AA28-F0B2-4F7C-9BEF-1E44F3B24B80}.Debug|Any CPU.ActiveCfg = Debug|Any CPU
		{8CC3AA28-F0B2-4F7C-9BEF-1E44F3B24B80}.Debug|Any CPU.Build.0 = Debug|Any CPU
		{8CC3AA28-F0B2-4F7C-9BEF-1E44F3B24B80}.Release|Any CPU.ActiveCfg = Release|Any CPU
		{8CC3AA28-F0B2-4F7C-9BEF-1E44F3B24B80}.Release|Any CPU.Build.0 = Release|Any CPU
		{BF69C190-87E4-4994-965C-FB78CC86275B}.Debug|Any CPU.ActiveCfg = Debug|Any CPU
		{BF69C190-87E4-4994-965C-FB78CC86275B}.Debug|Any CPU.Build.0 = Debug|Any CPU
		{BF69C190-87E4-4994-965C-FB78CC86275B}.Release|Any CPU.ActiveCfg = Release|Any CPU
		{BF69C190-87E4-4994-965C-FB78CC86275B}.Release|Any CPU.Build.0 = Release|Any CPU
		{266DF0E3-5BB6-4607-8651-58AC3CAADAE3}.Debug|Any CPU.ActiveCfg = Debug|Any CPU
		{266DF0E3-5BB6-4607-8651-58AC3CAADAE3}.Debug|Any CPU.Build.0 = Debug|Any CPU
		{266DF0E3-5BB6-4607-8651-58AC3CAADAE3}.Release|Any CPU.ActiveCfg = Release|Any CPU
		{266DF0E3-5BB6-4607-8651-58AC3CAADAE3}.Release|Any CPU.Build.0 = Release|Any CPU
		{4EF4F09D-FDD5-4BCC-9DC0-BF8D997476B2}.Debug|Any CPU.ActiveCfg = Debug|Any CPU
		{4EF4F09D-FDD5-4BCC-9DC0-BF8D997476B2}.Debug|Any CPU.Build.0 = Debug|Any CPU
		{4EF4F09D-FDD5-4BCC-9DC0-BF8D997476B2}.Release|Any CPU.ActiveCfg = Release|Any CPU
		{4EF4F09D-FDD5-4BCC-9DC0-BF8D997476B2}.Release|Any CPU.Build.0 = Release|Any CPU
		{1DDBCC1D-5C44-4F63-9AD3-443EAB4BD305}.Debug|Any CPU.ActiveCfg = Debug|Any CPU
		{1DDBCC1D-5C44-4F63-9AD3-443EAB4BD305}.Debug|Any CPU.Build.0 = Debug|Any CPU
		{1DDBCC1D-5C44-4F63-9AD3-443EAB4BD305}.Release|Any CPU.ActiveCfg = Release|Any CPU
		{1DDBCC1D-5C44-4F63-9AD3-443EAB4BD305}.Release|Any CPU.Build.0 = Release|Any CPU
		{94896E79-9CAF-4619-B4B8-3C1C40B23F7F}.Debug|Any CPU.ActiveCfg = Debug|Any CPU
		{94896E79-9CAF-4619-B4B8-3C1C40B23F7F}.Debug|Any CPU.Build.0 = Debug|Any CPU
		{94896E79-9CAF-4619-B4B8-3C1C40B23F7F}.Release|Any CPU.ActiveCfg = Release|Any CPU
		{94896E79-9CAF-4619-B4B8-3C1C40B23F7F}.Release|Any CPU.Build.0 = Release|Any CPU
		{FEEBD5E9-DB4C-4324-95E8-6A26D8A19638}.Debug|Any CPU.ActiveCfg = Debug|Any CPU
		{FEEBD5E9-DB4C-4324-95E8-6A26D8A19638}.Debug|Any CPU.Build.0 = Debug|Any CPU
		{FEEBD5E9-DB4C-4324-95E8-6A26D8A19638}.Release|Any CPU.ActiveCfg = Release|Any CPU
		{FEEBD5E9-DB4C-4324-95E8-6A26D8A19638}.Release|Any CPU.Build.0 = Release|Any CPU
		{CF7C7CA4-8BB7-4CFA-A8DE-5EACC21AC79C}.Debug|Any CPU.ActiveCfg = Debug|Any CPU
		{CF7C7CA4-8BB7-4CFA-A8DE-5EACC21AC79C}.Debug|Any CPU.Build.0 = Debug|Any CPU
		{CF7C7CA4-8BB7-4CFA-A8DE-5EACC21AC79C}.Release|Any CPU.ActiveCfg = Release|Any CPU
		{CF7C7CA4-8BB7-4CFA-A8DE-5EACC21AC79C}.Release|Any CPU.Build.0 = Release|Any CPU
		{1585B6F7-9E38-4615-8277-93F13042934F}.Debug|Any CPU.ActiveCfg = Debug|Any CPU
		{1585B6F7-9E38-4615-8277-93F13042934F}.Debug|Any CPU.Build.0 = Debug|Any CPU
		{1585B6F7-9E38-4615-8277-93F13042934F}.Release|Any CPU.ActiveCfg = Release|Any CPU
		{1585B6F7-9E38-4615-8277-93F13042934F}.Release|Any CPU.Build.0 = Release|Any CPU
		{1F1EED55-9372-4734-9063-806FA635D7F7}.Debug|Any CPU.ActiveCfg = Debug|Any CPU
		{1F1EED55-9372-4734-9063-806FA635D7F7}.Debug|Any CPU.Build.0 = Debug|Any CPU
		{1F1EED55-9372-4734-9063-806FA635D7F7}.Release|Any CPU.ActiveCfg = Release|Any CPU
		{1F1EED55-9372-4734-9063-806FA635D7F7}.Release|Any CPU.Build.0 = Release|Any CPU
		{CF1A0FE4-0492-4D09-98D8-805A8C07D980}.Debug|Any CPU.ActiveCfg = Debug|Any CPU
		{CF1A0FE4-0492-4D09-98D8-805A8C07D980}.Debug|Any CPU.Build.0 = Debug|Any CPU
		{CF1A0FE4-0492-4D09-98D8-805A8C07D980}.Release|Any CPU.ActiveCfg = Release|Any CPU
		{CF1A0FE4-0492-4D09-98D8-805A8C07D980}.Release|Any CPU.Build.0 = Release|Any CPU
		{27A3CFEC-6CE7-4BB0-B518-4543348D426F}.Debug|Any CPU.ActiveCfg = Debug|Any CPU
		{27A3CFEC-6CE7-4BB0-B518-4543348D426F}.Debug|Any CPU.Build.0 = Debug|Any CPU
		{27A3CFEC-6CE7-4BB0-B518-4543348D426F}.Release|Any CPU.ActiveCfg = Release|Any CPU
		{27A3CFEC-6CE7-4BB0-B518-4543348D426F}.Release|Any CPU.Build.0 = Release|Any CPU
		{C2F0B5AD-52E3-476B-ABE6-309EB7B46FF4}.Debug|Any CPU.ActiveCfg = Debug|Any CPU
		{C2F0B5AD-52E3-476B-ABE6-309EB7B46FF4}.Debug|Any CPU.Build.0 = Debug|Any CPU
		{C2F0B5AD-52E3-476B-ABE6-309EB7B46FF4}.Release|Any CPU.ActiveCfg = Release|Any CPU
		{C2F0B5AD-52E3-476B-ABE6-309EB7B46FF4}.Release|Any CPU.Build.0 = Release|Any CPU
		{60935323-DBA6-4428-8869-794CF6F1F91D}.Debug|Any CPU.ActiveCfg = Debug|Any CPU
		{60935323-DBA6-4428-8869-794CF6F1F91D}.Debug|Any CPU.Build.0 = Debug|Any CPU
		{60935323-DBA6-4428-8869-794CF6F1F91D}.Release|Any CPU.ActiveCfg = Release|Any CPU
		{60935323-DBA6-4428-8869-794CF6F1F91D}.Release|Any CPU.Build.0 = Release|Any CPU
		{5AA07849-A8B8-49D7-A7B1-B921E801F53C}.Debug|Any CPU.ActiveCfg = Debug|Any CPU
		{5AA07849-A8B8-49D7-A7B1-B921E801F53C}.Debug|Any CPU.Build.0 = Debug|Any CPU
		{5AA07849-A8B8-49D7-A7B1-B921E801F53C}.Release|Any CPU.ActiveCfg = Release|Any CPU
		{5AA07849-A8B8-49D7-A7B1-B921E801F53C}.Release|Any CPU.Build.0 = Release|Any CPU
		{7CC89397-6224-473C-B7D6-E596CA6848A2}.Debug|Any CPU.ActiveCfg = Debug|Any CPU
		{7CC89397-6224-473C-B7D6-E596CA6848A2}.Debug|Any CPU.Build.0 = Debug|Any CPU
		{7CC89397-6224-473C-B7D6-E596CA6848A2}.Release|Any CPU.ActiveCfg = Release|Any CPU
		{7CC89397-6224-473C-B7D6-E596CA6848A2}.Release|Any CPU.Build.0 = Release|Any CPU
		{303B094E-BE3A-4A7E-924D-5C8276F51032}.Debug|Any CPU.ActiveCfg = Debug|Any CPU
		{303B094E-BE3A-4A7E-924D-5C8276F51032}.Debug|Any CPU.Build.0 = Debug|Any CPU
		{303B094E-BE3A-4A7E-924D-5C8276F51032}.Release|Any CPU.ActiveCfg = Release|Any CPU
		{303B094E-BE3A-4A7E-924D-5C8276F51032}.Release|Any CPU.Build.0 = Release|Any CPU
		{FC57E875-868C-482C-A890-B628FA48582C}.Debug|Any CPU.ActiveCfg = Debug|Any CPU
		{FC57E875-868C-482C-A890-B628FA48582C}.Debug|Any CPU.Build.0 = Debug|Any CPU
		{FC57E875-868C-482C-A890-B628FA48582C}.Release|Any CPU.ActiveCfg = Release|Any CPU
		{FC57E875-868C-482C-A890-B628FA48582C}.Release|Any CPU.Build.0 = Release|Any CPU
		{BF0F79A7-736F-48D6-97F4-7D89A7D827A0}.Debug|Any CPU.ActiveCfg = Debug|Any CPU
		{BF0F79A7-736F-48D6-97F4-7D89A7D827A0}.Debug|Any CPU.Build.0 = Debug|Any CPU
		{BF0F79A7-736F-48D6-97F4-7D89A7D827A0}.Release|Any CPU.ActiveCfg = Release|Any CPU
		{BF0F79A7-736F-48D6-97F4-7D89A7D827A0}.Release|Any CPU.Build.0 = Release|Any CPU
		{51A5D531-8D87-4880-9378-C1D7DCAAF9A1}.Debug|Any CPU.ActiveCfg = Debug|Any CPU
		{51A5D531-8D87-4880-9378-C1D7DCAAF9A1}.Debug|Any CPU.Build.0 = Debug|Any CPU
		{51A5D531-8D87-4880-9378-C1D7DCAAF9A1}.Release|Any CPU.ActiveCfg = Release|Any CPU
		{51A5D531-8D87-4880-9378-C1D7DCAAF9A1}.Release|Any CPU.Build.0 = Release|Any CPU
		{CDC40266-8871-4026-98A8-8965171B2EF1}.Debug|Any CPU.ActiveCfg = Debug|Any CPU
		{CDC40266-8871-4026-98A8-8965171B2EF1}.Debug|Any CPU.Build.0 = Debug|Any CPU
		{CDC40266-8871-4026-98A8-8965171B2EF1}.Release|Any CPU.ActiveCfg = Release|Any CPU
		{CDC40266-8871-4026-98A8-8965171B2EF1}.Release|Any CPU.Build.0 = Release|Any CPU
	EndGlobalSection
	GlobalSection(SolutionProperties) = preSolution
		HideSolutionNode = FALSE
	EndGlobalSection
	GlobalSection(NestedProjects) = preSolution
		{FEEBD5E9-DB4C-4324-95E8-6A26D8A19638} = {02EA681E-C7D8-13C7-8484-4AC65E1B71E8}
		{CF7C7CA4-8BB7-4CFA-A8DE-5EACC21AC79C} = {02EA681E-C7D8-13C7-8484-4AC65E1B71E8}
		{1585B6F7-9E38-4615-8277-93F13042934F} = {02EA681E-C7D8-13C7-8484-4AC65E1B71E8}
		{1F1EED55-9372-4734-9063-806FA635D7F7} = {02EA681E-C7D8-13C7-8484-4AC65E1B71E8}
		{CF1A0FE4-0492-4D09-98D8-805A8C07D980} = {02EA681E-C7D8-13C7-8484-4AC65E1B71E8}
		{27A3CFEC-6CE7-4BB0-B518-4543348D426F} = {02EA681E-C7D8-13C7-8484-4AC65E1B71E8}
		{C2F0B5AD-52E3-476B-ABE6-309EB7B46FF4} = {02EA681E-C7D8-13C7-8484-4AC65E1B71E8}
		{60935323-DBA6-4428-8869-794CF6F1F91D} = {02EA681E-C7D8-13C7-8484-4AC65E1B71E8}
		{5AA07849-A8B8-49D7-A7B1-B921E801F53C} = {02EA681E-C7D8-13C7-8484-4AC65E1B71E8}
		{7CC89397-6224-473C-B7D6-E596CA6848A2} = {02EA681E-C7D8-13C7-8484-4AC65E1B71E8}
		{303B094E-BE3A-4A7E-924D-5C8276F51032} = {02EA681E-C7D8-13C7-8484-4AC65E1B71E8}
		{FC57E875-868C-482C-A890-B628FA48582C} = {02EA681E-C7D8-13C7-8484-4AC65E1B71E8}
		{BF0F79A7-736F-48D6-97F4-7D89A7D827A0} = {02EA681E-C7D8-13C7-8484-4AC65E1B71E8}
		{51A5D531-8D87-4880-9378-C1D7DCAAF9A1} = {02EA681E-C7D8-13C7-8484-4AC65E1B71E8}
		{CDC40266-8871-4026-98A8-8965171B2EF1} = {02EA681E-C7D8-13C7-8484-4AC65E1B71E8}
	EndGlobalSection
	GlobalSection(ExtensibilityGlobals) = postSolution
		SolutionGuid = {981C0363-84F7-47DE-9B99-63793E589C68}
	EndGlobalSection
EndGlobal
